
Microsoft Visual Studio Solution File, Format Version 12.00
# Visual Studio 15
VisualStudioVersion = 15.0.28307.779
MinimumVisualStudioVersion = 10.0.40219.1
Project("{9A19103F-16F7-4668-BE54-9A1E7A4F7556}") = "InterestRatesServerless", "InterestRatesServerless\InterestRatesServerless.csproj", "{C6D5DEED-B111-46B5-87E1-DDBE1279E0A8}"
EndProject
Project("{9A19103F-16F7-4668-BE54-9A1E7A4F7556}") = "InterestRatesServerless.Tests", "InterestRatesServerless.Tests\InterestRatesServerless.Tests.csproj", "{D4B0636A-2509-42E3-B666-939B21234628}"
EndProject
Global
	GlobalSection(SolutionConfigurationPlatforms) = preSolution
		Debug|Any CPU = Debug|Any CPU
		Release|Any CPU = Release|Any CPU
	EndGlobalSection
	GlobalSection(ProjectConfigurationPlatforms) = postSolution
		{C6D5DEED-B111-46B5-87E1-DDBE1279E0A8}.Debug|Any CPU.ActiveCfg = Debug|Any CPU
		{C6D5DEED-B111-46B5-87E1-DDBE1279E0A8}.Debug|Any CPU.Build.0 = Debug|Any CPU
		{C6D5DEED-B111-46B5-87E1-DDBE1279E0A8}.Release|Any CPU.ActiveCfg = Release|Any CPU
		{C6D5DEED-B111-46B5-87E1-DDBE1279E0A8}.Release|Any CPU.Build.0 = Release|Any CPU
		{D4B0636A-2509-42E3-B666-939B21234628}.Debug|Any CPU.ActiveCfg = Debug|Any CPU
		{D4B0636A-2509-42E3-B666-939B21234628}.Debug|Any CPU.Build.0 = Debug|Any CPU
		{D4B0636A-2509-42E3-B666-939B21234628}.Release|Any CPU.ActiveCfg = Release|Any CPU
		{D4B0636A-2509-42E3-B666-939B21234628}.Release|Any CPU.Build.0 = Release|Any CPU
	EndGlobalSection
	GlobalSection(SolutionProperties) = preSolution
		HideSolutionNode = FALSE
	EndGlobalSection
	GlobalSection(ExtensibilityGlobals) = postSolution
		SolutionGuid = {5335E8AB-9F9C-41C8-9706-05C0626CDCEE}
	EndGlobalSection
EndGlobal
